Microsoft Visual Studio Solution File, Format Version 12.00
# Visual Studio Version 17
VisualStudioVersion = 17.5.2.0
MinimumVisualStudioVersion = 10.0.40219.1
Project("{FAE04EC0-301F-11D3-BF4B-00C04F79EFBC}") = "CshBackendDev", "CshBackendDev.csproj", "{6AC18FF4-F0B9-D295-611E-E60985FB6CFE}"
EndProject
Global
	GlobalSection(SolutionConfigurationPlatforms) = preSolution
		Debug|Any CPU = Debug|Any CPU
		Release|Any CPU = Release|Any CPU
	EndGlobalSection
	GlobalSection(ProjectConfigurationPlatforms) = postSolution
		{6AC18FF4-F0B9-D295-611E-E60985FB6CFE}.Debug|Any CPU.ActiveCfg = Debug|Any CPU
		{6AC18FF4-F0B9-D295-611E-E60985FB6CFE}.Debug|Any CPU.Build.0 = Debug|Any CPU
		{6AC18FF4-F0B9-D295-611E-E60985FB6CFE}.Release|Any CPU.ActiveCfg = Release|Any CPU
		{6AC18FF4-F0B9-D295-611E-E60985FB6CFE}.Release|Any CPU.Build.0 = Release|Any CPU
	EndGlobalSection
	GlobalSection(SolutionProperties) = preSolution
		HideSolutionNode = FALSE
	EndGlobalSection
	GlobalSection(ExtensibilityGlobals) = postSolution
		SolutionGuid = {F98B0A1D-8EC0-4273-996E-813CACE143FA}
	EndGlobalSection
EndGlobal
